// !$*UTF8*$!
{
	archiveVersion = 1;
	classes = {
	};
	objectVersion = 46;
	objects = {

/* Begin PBXBuildFile section */
		8B87BCC21AD012F0009D5B9A /* AppDelegate.swift in Sources */ = {isa = PBXBuildFile; fileRef = 8B87BCC11AD012F0009D5B9A /* AppDelegate.swift */; };
		8B87BCC41AD012F0009D5B9A /* ViewController.swift in Sources */ = {isa = PBXBuildFile; fileRef = 8B87BCC31AD012F0009D5B9A /* ViewController.swift */; };
		8B87BCC71AD012F0009D5B9A /* Main.storyboard in Resources */ = {isa = PBXBuildFile; fileRef = 8B87BCC51AD012F0009D5B9A /* Main.storyboard */; };
		8B87BCC91AD012F0009D5B9A /* Images.xcassets in Resources */ = {isa = PBXBuildFile; fileRef = 8B87BCC81AD012F0009D5B9A /* Images.xcassets */; };
		8B87BCCC1AD012F0009D5B9A /* LaunchScreen.xib in Resources */ = {isa = PBXBuildFile; fileRef = 8B87BCCA1AD012F0009D5B9A /* LaunchScreen.xib */; };
		8B87BCD81AD012F0009D5B9A /* Magic_Project_sTests.swift in Sources */ = {isa = PBXBuildFile; fileRef = 8B87BCD71AD012F0009D5B9A /* Magic_Project_sTests.swift */; };
		8B9B478D1AD97014009AFE8B /* Troll2HViewController.swift in Sources */ = {isa = PBXBuildFile; fileRef = 8B9B478C1AD97014009AFE8B /* Troll2HViewController.swift */; };
		8B9B478F1AD97027009AFE8B /* PentaclViewController.swift in Sources */ = {isa = PBXBuildFile; fileRef = 8B9B478E1AD97027009AFE8B /* PentaclViewController.swift */; };
		8B9B47911AD97038009AFE8B /* EmperorViewController.swift in Sources */ = {isa = PBXBuildFile; fileRef = 8B9B47901AD97038009AFE8B /* EmperorViewController.swift */; };
		8B9B47941AD97966009AFE8B /* CustomViewController.swift in Sources */ = {isa = PBXBuildFile; fileRef = 8B9B47931AD97966009AFE8B /* CustomViewController.swift */; };
		8BA898771ADDCAEF007B6EF5 /* CollectionCustomViewCell.swift in Sources */ = {isa = PBXBuildFile; fileRef = 8BA898761ADDCAEF007B6EF5 /* CollectionCustomViewCell.swift */; };
		8BB8F2361ADD7F3100427CBA /* CollectionCustomViewController.swift in Sources */ = {isa = PBXBuildFile; fileRef = 8BB8F2351ADD7F3100427CBA /* CollectionCustomViewController.swift */; };
		8BEB69C01AD8355B0078B4B2 /* MultiPlayersViewController.swift in Sources */ = {isa = PBXBuildFile; fileRef = 8BEB69BF1AD8355B0078B4B2 /* MultiPlayersViewController.swift */; };
		8BEB69C21AD84AAB0078B4B2 /* OnevsOne_ViewController.swift in Sources */ = {isa = PBXBuildFile; fileRef = 8BEB69C11AD84AAB0078B4B2 /* OnevsOne_ViewController.swift */; };
/* End PBXBuildFile section */

/* Begin PBXContainerItemProxy section */
		8B87BCD21AD012F0009D5B9A /* PBXContainerItemProxy */ = {
			isa = PBXContainerItemProxy;
			containerPortal = 8B87BCB41AD012F0009D5B9A /* Project object */;
			proxyType = 1;
			remoteGlobalIDString = 8B87BCBB1AD012F0009D5B9A;
			remoteInfo = Magic_Project_s;
		};
/* End PBXContainerItemProxy section */

/* Begin PBXFileReference section */
		8B87BCBC1AD012F0009D5B9A /* Magic_Project_s.app */ = {isa = PBXFileReference; explicitFileType = wrapper.application; includeInIndex = 0; path = Magic_Project_s.app; sourceTree = BUILT_PRODUCTS_DIR; };
		8B87BCC01AD012F0009D5B9A /* Info.plist */ = {isa = PBXFileReference; lastKnownFileType = text.plist.xml; path = Info.plist; sourceTree = "<group>"; };
		8B87BCC11AD012F0009D5B9A /* AppDelegate.swift */ = {isa = PBXFileReference; lastKnownFileType = sourcecode.swift; path = AppDelegate.swift; sourceTree = "<group>"; };
		8B87BCC31AD012F0009D5B9A /* ViewController.swift */ = {isa = PBXFileReference; lastKnownFileType = sourcecode.swift; path = ViewController.swift; sourceTree = "<group>"; };
		8B87BCC61AD012F0009D5B9A /* Base */ = {isa = PBXFileReference; lastKnownFileType = file.storyboard; name = Base; path = Base.lproj/Main.storyboard; sourceTree = "<group>"; };
		8B87BCC81AD012F0009D5B9A /* Images.xcassets */ = {isa = PBXFileReference; lastKnownFileType = folder.assetcatalog; path = Images.xcassets; sourceTree = "<group>"; };
		8B87BCCB1AD012F0009D5B9A /* Base */ = {isa = PBXFileReference; lastKnownFileType = file.xib; name = Base; path = Base.lproj/LaunchScreen.xib; sourceTree = "<group>"; };
		8B87BCD11AD012F0009D5B9A /* Magic_Project_sTests.xctest */ = {isa = PBXFileReference; explicitFileType = wrapper.cfbundle; includeInIndex = 0; path = Magic_Project_sTests.xctest; sourceTree = BUILT_PRODUCTS_DIR; };
		8B87BCD61AD012F0009D5B9A /* Info.plist */ = {isa = PBXFileReference; lastKnownFileType = text.plist.xml; path = Info.plist; sourceTree = "<group>"; };
		8B87BCD71AD012F0009D5B9A /* Magic_Project_sTests.swift */ = {isa = PBXFileReference; lastKnownFileType = sourcecode.swift; path = Magic_Project_sTests.swift; sourceTree = "<group>"; };
		8B9B478C1AD97014009AFE8B /* Troll2HViewController.swift */ = {isa = PBXFileReference; fileEncoding = 4; lastKnownFileType = sourcecode.swift; path = Troll2HViewController.swift; sourceTree = "<group>"; };
		8B9B478E1AD97027009AFE8B /* PentaclViewController.swift */ = {isa = PBXFileReference; fileEncoding = 4; lastKnownFileType = sourcecode.swift; path = PentaclViewController.swift; sourceTree = "<group>"; };
		8B9B47901AD97038009AFE8B /* EmperorViewController.swift */ = {isa = PBXFileReference; fileEncoding = 4; lastKnownFileType = sourcecode.swift; path = EmperorViewController.swift; sourceTree = "<group>"; };
		8B9B47931AD97966009AFE8B /* CustomViewController.swift */ = {isa = PBXFileReference; fileEncoding = 4; lastKnownFileType = sourcecode.swift; path = CustomViewController.swift; sourceTree = "<group>"; };
		8BA898761ADDCAEF007B6EF5 /* CollectionCustomViewCell.swift */ = {isa = PBXFileReference; fileEncoding = 4; lastKnownFileType = sourcecode.swift; path = CollectionCustomViewCell.swift; sourceTree = "<group>"; };
		8BB8F2351ADD7F3100427CBA /* CollectionCustomViewController.swift */ = {isa = PBXFileReference; fileEncoding = 4; lastKnownFileType = sourcecode.swift; path = CollectionCustomViewController.swift; sourceTree = "<group>"; };
		8BEB69BF1AD8355B0078B4B2 /* MultiPlayersViewController.swift */ = {isa = PBXFileReference; fileEncoding = 4; lastKnownFileType = sourcecode.swift; path = MultiPlayersViewController.swift; sourceTree = "<group>"; };
		8BEB69C11AD84AAB0078B4B2 /* OnevsOne_ViewController.swift */ = {isa = PBXFileReference; fileEncoding = 4; lastKnownFileType = sourcecode.swift; path = OnevsOne_ViewController.swift; sourceTree = "<group>"; };
/* End PBXFileReference section */

/* Begin PBXFrameworksBuildPhase section */
		8B87BCB91AD012F0009D5B9A /* Frameworks */ = {
			isa = PBXFrameworksBuildPhase;
			buildActionMask = 2147483647;
			files = (
			);
			runOnlyForDeploymentPostprocessing = 0;
		};
		8B87BCCE1AD012F0009D5B9A /* Frameworks */ = {
			isa = PBXFrameworksBuildPhase;
			buildActionMask = 2147483647;
			files = (
			);
			runOnlyForDeploymentPostprocessing = 0;
		};
/* End PBXFrameworksBuildPhase section */

/* Begin PBXGroup section */
		8B87BCB31AD012F0009D5B9A = {
			isa = PBXGroup;
			children = (
				8B87BCBE1AD012F0009D5B9A /* Magic_Project_s */,
				8B87BCD41AD012F0009D5B9A /* Magic_Project_sTests */,
				8B87BCBD1AD012F0009D5B9A /* Products */,
			);
			sourceTree = "<group>";
		};
		8B87BCBD1AD012F0009D5B9A /* Products */ = {
			isa = PBXGroup;
			children = (
				8B87BCBC1AD012F0009D5B9A /* Magic_Project_s.app */,
				8B87BCD11AD012F0009D5B9A /* Magic_Project_sTests.xctest */,
			);
			name = Products;
			sourceTree = "<group>";
		};
		8B87BCBE1AD012F0009D5B9A /* Magic_Project_s */ = {
			isa = PBXGroup;
			children = (
				8B87BCE31AD0148D009D5B9A /* Model */,
				8B87BCE11AD01438009D5B9A /* Controller */,
				8B87BCE21AD01481009D5B9A /* View */,
				8B87BCC81AD012F0009D5B9A /* Images.xcassets */,
				8B87BCC11AD012F0009D5B9A /* AppDelegate.swift */,
				8B87BCCA1AD012F0009D5B9A /* LaunchScreen.xib */,
				8B87BCBF1AD012F0009D5B9A /* Supporting Files */,
			);
			path = Magic_Project_s;
			sourceTree = "<group>";
		};
		8B87BCBF1AD012F0009D5B9A /* Supporting Files */ = {
			isa = PBXGroup;
			children = (
				8B87BCC01AD012F0009D5B9A /* Info.plist */,
			);
			name = "Supporting Files";
			sourceTree = "<group>";
		};
		8B87BCD41AD012F0009D5B9A /* Magic_Project_sTests */ = {
			isa = PBXGroup;
			children = (
				8B87BCD71AD012F0009D5B9A /* Magic_Project_sTests.swift */,
				8B87BCD51AD012F0009D5B9A /* Supporting Files */,
			);
			path = Magic_Project_sTests;
			sourceTree = "<group>";
		};
		8B87BCD51AD012F0009D5B9A /* Supporting Files */ = {
			isa = PBXGroup;
			children = (
				8B87BCD61AD012F0009D5B9A /* Info.plist */,
			);
			name = "Supporting Files";
			sourceTree = "<group>";
		};
		8B87BCE11AD01438009D5B9A /* Controller */ = {
			isa = PBXGroup;
			children = (
				8BEB69BF1AD8355B0078B4B2 /* MultiPlayersViewController.swift */,
				8B9B47921AD9706B009AFE8B /* ControllerMultiplayer */,
				8B87BCC31AD012F0009D5B9A /* ViewController.swift */,
			);
			name = Controller;
			sourceTree = "<group>";
		};
		8B87BCE21AD01481009D5B9A /* View */ = {
			isa = PBXGroup;
			children = (
				8B87BCC51AD012F0009D5B9A /* Main.storyboard */,
			);
			name = View;
			sourceTree = "<group>";
		};
		8B87BCE31AD0148D009D5B9A /* Model */ = {
			isa = PBXGroup;
			children = (
			);
			name = Model;
			sourceTree = "<group>";
		};
		8B9B47921AD9706B009AFE8B /* ControllerMultiplayer */ = {
			isa = PBXGroup;
			children = (
				8B9B47931AD97966009AFE8B /* CustomViewController.swift */,
				8B9B478C1AD97014009AFE8B /* Troll2HViewController.swift */,
				8B9B478E1AD97027009AFE8B /* PentaclViewController.swift */,
				8B9B47901AD97038009AFE8B /* EmperorViewController.swift */,
				8BEB69C11AD84AAB0078B4B2 /* OnevsOne_ViewController.swift */,
				8BA898751ADDCA97007B6EF5 /* CollectionViewController */,
			);
			name = ControllerMultiplayer;
			sourceTree = "<group>";
		};
		8BA898751ADDCA97007B6EF5 /* CollectionViewController */ = {
			isa = PBXGroup;
			children = (
				8BB8F2351ADD7F3100427CBA /* CollectionCustomViewController.swift */,
				8BA898761ADDCAEF007B6EF5 /* CollectionCustomViewCell.swift */,
			);
			name = CollectionViewController;
			sourceTree = "<group>";
		};
/* End PBXGroup section */

/* Begin PBXNativeTarget section */
		8B87BCBB1AD012F0009D5B9A /* Magic_Project_s */ = {
			isa = PBXNativeTarget;
			buildConfigurationList = 8B87BCDB1AD012F0009D5B9A /* Build configuration list for PBXNativeTarget "Magic_Project_s" */;
			buildPhases = (
				8B87BCB81AD012F0009D5B9A /* Sources */,
				8B87BCB91AD012F0009D5B9A /* Frameworks */,
				8B87BCBA1AD012F0009D5B9A /* Resources */,
			);
			buildRules = (
			);
			dependencies = (
			);
			name = Magic_Project_s;
			productName = Magic_Project_s;
			productReference = 8B87BCBC1AD012F0009D5B9A /* Magic_Project_s.app */;
			productType = "com.apple.product-type.application";
		};
		8B87BCD01AD012F0009D5B9A /* Magic_Project_sTests */ = {
			isa = PBXNativeTarget;
			buildConfigurationList = 8B87BCDE1AD012F0009D5B9A /* Build configuration list for PBXNativeTarget "Magic_Project_sTests" */;
			buildPhases = (
				8B87BCCD1AD012F0009D5B9A /* Sources */,
				8B87BCCE1AD012F0009D5B9A /* Frameworks */,
				8B87BCCF1AD012F0009D5B9A /* Resources */,
			);
			buildRules = (
			);
			dependencies = (
				8B87BCD31AD012F0009D5B9A /* PBXTargetDependency */,
			);
			name = Magic_Project_sTests;
			productName = Magic_Project_sTests;
			productReference = 8B87BCD11AD012F0009D5B9A /* Magic_Project_sTests.xctest */;
			productType = "com.apple.product-type.bundle.unit-test";
		};
/* End PBXNativeTarget section */

/* Begin PBXProject section */
		8B87BCB41AD012F0009D5B9A /* Project object */ = {
			isa = PBXProject;
			attributes = {
				LastUpgradeCheck = 0610;
				ORGANIZATIONNAME = Developer;
				TargetAttributes = {
					8B87BCBB1AD012F0009D5B9A = {
						CreatedOnToolsVersion = 6.1;
					};
					8B87BCD01AD012F0009D5B9A = {
						CreatedOnToolsVersion = 6.1;
						TestTargetID = 8B87BCBB1AD012F0009D5B9A;
					};
				};
			};
			buildConfigurationList = 8B87BCB71AD012F0009D5B9A /* Build configuration list for PBXProject "Magic_Project_s" */;
			compatibilityVersion = "Xcode 3.2";
			developmentRegion = English;
			hasScannedForEncodings = 0;
			knownRegions = (
				en,
				Base,
			);
			mainGroup = 8B87BCB31AD012F0009D5B9A;
			productRefGroup = 8B87BCBD1AD012F0009D5B9A /* Products */;
			projectDirPath = "";
			projectRoot = "";
			targets = (
				8B87BCBB1AD012F0009D5B9A /* Magic_Project_s */,
				8B87BCD01AD012F0009D5B9A /* Magic_Project_sTests */,
			);
		};
/* End PBXProject section */

/* Begin PBXResourcesBuildPhase section */
		8B87BCBA1AD012F0009D5B9A /* Resources */ = {
			isa = PBXResourcesBuildPhase;
			buildActionMask = 2147483647;
			files = (
				8B87BCC71AD012F0009D5B9A /* Main.storyboard in Resources */,
				8B87BCCC1AD012F0009D5B9A /* LaunchScreen.xib in Resources */,
				8B87BCC91AD012F0009D5B9A /* Images.xcassets in Resources */,
			);
			runOnlyForDeploymentPostprocessing = 0;
		};
		8B87BCCF1AD012F0009D5B9A /* Resources */ = {
			isa = PBXResourcesBuildPhase;
			buildActionMask = 2147483647;
			files = (
			);
			runOnlyForDeploymentPostprocessing = 0;
		};
/* End PBXResourcesBuildPhase section */

/* Begin PBXSourcesBuildPhase section */
		8B87BCB81AD012F0009D5B9A /* Sources */ = {
			isa = PBXSourcesBuildPhase;
			buildActionMask = 2147483647;
			files = (
				8B87BCC41AD012F0009D5B9A /* ViewController.swift in Sources */,
				8B9B478D1AD97014009AFE8B /* Troll2HViewController.swift in Sources */,
				8B9B478F1AD97027009AFE8B /* PentaclViewController.swift in Sources */,
				8BA898771ADDCAEF007B6EF5 /* CollectionCustomViewCell.swift in Sources */,
				8B87BCC21AD012F0009D5B9A /* AppDelegate.swift in Sources */,
				8BEB69C01AD8355B0078B4B2 /* MultiPlayersViewController.swift in Sources */,
				8BB8F2361ADD7F3100427CBA /* CollectionCustomViewController.swift in Sources */,
				8BEB69C21AD84AAB0078B4B2 /* OnevsOne_ViewController.swift in Sources */,
				8B9B47911AD97038009AFE8B /* EmperorViewController.swift in Sources */,
				8B9B47941AD97966009AFE8B /* CustomViewController.swift in Sources */,
			);
			runOnlyForDeploymentPostprocessing = 0;
		};
		8B87BCCD1AD012F0009D5B9A /* Sources */ = {
			isa = PBXSourcesBuildPhase;
			buildActionMask = 2147483647;
			files = (
				8B87BCD81AD012F0009D5B9A /* Magic_Project_sTests.swift in Sources */,
			);
			runOnlyForDeploymentPostprocessing = 0;
		};
/* End PBXSourcesBuildPhase section */

/* Begin PBXTargetDependency section */
		8B87BCD31AD012F0009D5B9A /* PBXTargetDependency */ = {
			isa = PBXTargetDependency;
			target = 8B87BCBB1AD012F0009D5B9A /* Magic_Project_s */;
			targetProxy = 8B87BCD21AD012F0009D5B9A /* PBXContainerItemProxy */;
		};
/* End PBXTargetDependency section */

/* Begin PBXVariantGroup section */
		8B87BCC51AD012F0009D5B9A /* Main.storyboard */ = {
			isa = PBXVariantGroup;
			children = (
				8B87BCC61AD012F0009D5B9A /* Base */,
			);
			name = Main.storyboard;
			sourceTree = "<group>";
		};
		8B87BCCA1AD012F0009D5B9A /* LaunchScreen.xib */ = {
			isa = PBXVariantGroup;
			children = (
				8B87BCCB1AD012F0009D5B9A /* Base */,
			);
			name = LaunchScreen.xib;
			sourceTree = "<group>";
		};
/* End PBXVariantGroup section */

/* Begin XCBuildConfiguration section */
		8B87BCD91AD012F0009D5B9A /* Debug */ = {
			isa = XCBuildConfiguration;
			buildSettings = {
				ALWAYS_SEARCH_USER_PATHS = NO;
				CLANG_CXX_LANGUAGE_STANDARD = "gnu++0x";
				CLANG_CXX_LIBRARY = "libc++";
				CLANG_ENABLE_MODULES = YES;
				CLANG_ENABLE_OBJC_ARC = YES;
				CLANG_WARN_BOOL_CONVERSION = YES;
				CLANG_WARN_CONSTANT_CONVERSION = YES;
				CLANG_WARN_DIRECT_OBJC_ISA_USAGE = YES_ERROR;
				CLANG_WARN_EMPTY_BODY = YES;
				CLANG_WARN_ENUM_CONVERSION = YES;
				CLANG_WARN_INT_CONVERSION = YES;
				CLANG_WARN_OBJC_ROOT_CLASS = YES_ERROR;
				CLANG_WARN_UNREACHABLE_CODE = YES;
				CLANG_WARN__DUPLICATE_METHOD_MATCH = YES;
				"CODE_SIGN_IDENTITY[sdk=iphoneos*]" = "iPhone Developer";
				COPY_PHASE_STRIP = NO;
				ENABLE_STRICT_OBJC_MSGSEND = YES;
				GCC_C_LANGUAGE_STANDARD = gnu99;
				GCC_DYNAMIC_NO_PIC = NO;
				GCC_OPTIMIZATION_LEVEL = 0;
				GCC_PREPROCESSOR_DEFINITIONS = (
					"DEBUG=1",
					"$(inherited)",
				);
				GCC_SYMBOLS_PRIVATE_EXTERN = NO;
				GCC_WARN_64_TO_32_BIT_CONVERSION = YES;
				GCC_WARN_ABOUT_RETURN_TYPE = YES_ERROR;
				GCC_WARN_UNDECLARED_SELECTOR = YES;
				GCC_WARN_UNINITIALIZED_AUTOS = YES_AGGRESSIVE;
				GCC_WARN_UNUSED_FUNCTION = YES;
				GCC_WARN_UNUSED_VARIABLE = YES;
				IPHONEOS_DEPLOYMENT_TARGET = 8.1;
				MTL_ENABLE_DEBUG_INFO = YES;
				ONLY_ACTIVE_ARCH = YES;
				SDKROOT = iphoneos;
				SWIFT_OPTIMIZATION_LEVEL = "-Onone";
			};
			name = Debug;
		};
		8B87BCDA1AD012F0009D5B9A /* Release */ = {
			isa = XCBuildConfiguration;
			buildSettings = {
				ALWAYS_SEARCH_USER_PATHS = NO;
				CLANG_CXX_LANGUAGE_STANDARD = "gnu++0x";
				CLANG_CXX_LIBRARY = "libc++";
				CLANG_ENABLE_MODULES = YES;
				CLANG_ENABLE_OBJC_ARC = YES;
				CLANG_WARN_BOOL_CONVERSION = YES;
				CLANG_WARN_CONSTANT_CONVERSION = YES;
				CLANG_WARN_DIRECT_OBJC_ISA_USAGE = YES_ERROR;
				CLANG_WARN_EMPTY_BODY = YES;
				CLANG_WARN_ENUM_CONVERSION = YES;
				CLANG_WARN_INT_CONVERSION = YES;
				CLANG_WARN_OBJC_ROOT_CLASS = YES_ERROR;
				CLANG_WARN_UNREACHABLE_CODE = YES;
				CLANG_WARN__DUPLICATE_METHOD_MATCH = YES;
				"CODE_SIGN_IDENTITY[sdk=iphoneos*]" = "iPhone Developer";
				COPY_PHASE_STRIP = YES;
				ENABLE_NS_ASSERTIONS = NO;
				ENABLE_STRICT_OBJC_MSGSEND = YES;
				GCC_C_LANGUAGE_STANDARD = gnu99;
				GCC_WARN_64_TO_32_BIT_CONVERSION = YES;
				GCC_WARN_ABOUT_RETURN_TYPE = YES_ERROR;
				GCC_WARN_UNDECLARED_SELECTOR = YES;
				GCC_WARN_UNINITIALIZED_AUTOS = YES_AGGRESSIVE;
				GCC_WARN_UNUSED_FUNCTION = YES;
				GCC_WARN_UNUSED_VARIABLE = YES;
				IPHONEOS_DEPLOYMENT_TARGET = 8.1;
				MTL_ENABLE_DEBUG_INFO = NO;
				SDKROOT = iphoneos;
				VALIDATE_PRODUCT = YES;
			};
			name = Release;
		};
		8B87BCDC1AD012F0009D5B9A /* Debug */ = {
			isa = XCBuildConfiguration;
			buildSettings = {
				ASSETCATALOG_COMPILER_APPICON_NAME = AppIcon;
				INFOPLIST_FILE = Magic_Project_s/Info.plist;
				LD_RUNPATH_SEARCH_PATHS = "$(inherited) @executable_path/Frameworks";
				PRODUCT_NAME = "$(TARGET_NAME)";
			};
			name = Debug;
		};
		8B87BCDD1AD012F0009D5B9A /* Release */ = {
			isa = XCBuildConfiguration;
			buildSettings = {
				ASSETCATALOG_COMPILER_APPICON_NAME = AppIcon;
				INFOPLIST_FILE = Magic_Project_s/Info.plist;
				LD_RUNPATH_SEARCH_PATHS = "$(inherited) @executable_path/Frameworks";
				PRODUCT_NAME = "$(TARGET_NAME)";
			};
			name = Release;
		};
		8B87BCDF1AD012F0009D5B9A /* Debug */ = {
			isa = XCBuildConfiguration;
			buildSettings = {
				BUNDLE_LOADER = "$(TEST_HOST)";
				FRAMEWORK_SEARCH_PATHS = (
					"$(SDKROOT)/Developer/Library/Frameworks",
					"$(inherited)",
				);
				GCC_PREPROCESSOR_DEFINITIONS = (
					"DEBUG=1",
					"$(inherited)",
				);
				INFOPLIST_FILE = Magic_Project_sTests/Info.plist;
				LD_RUNPATH_SEARCH_PATHS = "$(inherited) @executable_path/Frameworks @loader_path/Frameworks";
				PRODUCT_NAME = "$(TARGET_NAME)";
				TEST_HOST = "$(BUILT_PRODUCTS_DIR)/Magic_Project_s.app/Magic_Project_s";
			};
			name = Debug;
		};
		8B87BCE01AD012F0009D5B9A /* Release */ = {
			isa = XCBuildConfiguration;
			buildSettings = {
				BUNDLE_LOADER = "$(TEST_HOST)";
				FRAMEWORK_SEARCH_PATHS = (
					"$(SDKROOT)/Developer/Library/Frameworks",
					"$(inherited)",
				);
				INFOPLIST_FILE = Magic_Project_sTests/Info.plist;
				LD_RUNPATH_SEARCH_PATHS = "$(inherited) @executable_path/Frameworks @loader_path/Frameworks";
				PRODUCT_NAME = "$(TARGET_NAME)";
				TEST_HOST = "$(BUILT_PRODUCTS_DIR)/Magic_Project_s.app/Magic_Project_s";
			};
			name = Release;
		};
/* End XCBuildConfiguration section */

/* Begin XCConfigurationList section */
		8B87BCB71AD012F0009D5B9A /* Build configuration list for PBXProject "Magic_Project_s" */ = {
			isa = XCConfigurationList;
			buildConfigurations = (
				8B87BCD91AD012F0009D5B9A /* Debug */,
				8B87BCDA1AD012F0009D5B9A /* Release */,
			);
			defaultConfigurationIsVisible = 0;
			defaultConfigurationName = Release;
		};
		8B87BCDB1AD012F0009D5B9A /* Build configuration list for PBXNativeTarget "Magic_Project_s" */ = {
			isa = XCConfigurationList;
			buildConfigurations = (
				8B87BCDC1AD012F0009D5B9A /* Debug */,
				8B87BCDD1AD012F0009D5B9A /* Release */,
			);
			defaultConfigurationIsVisible = 0;
			defaultConfigurationName = Release;
		};
		8B87BCDE1AD012F0009D5B9A /* Build configuration list for PBXNativeTarget "Magic_Project_sTests" */ = {
			isa = XCConfigurationList;
			buildConfigurations = (
				8B87BCDF1AD012F0009D5B9A /* Debug */,
				8B87BCE01AD012F0009D5B9A /* Release */,
			);
			defaultConfigurationIsVisible = 0;
			defaultConfigurationName = Release;
		};
/* End XCConfigurationList section */
	};
	rootObject = 8B87BCB41AD012F0009D5B9A /* Project object */;
}
